
Microsoft Visual Studio Solution File, Format Version 12.00
# Visual Studio 15
VisualStudioVersion = 15.0.27703.2000
MinimumVisualStudioVersion = 10.0.40219.1
Project("{9A19103F-16F7-4668-BE54-9A1E7A4F7556}") = "Asteroids", "Asteroids\Asteroids\Asteroids.csproj", "{2B893FA6-09A5-4A43-9544-C120D92D6125}"
EndProject
Project("{FAE04EC0-301F-11D3-BF4B-00C04F79EFBC}") = "Asteroids.Android", "Asteroids\Asteroids.Android\Asteroids.Android.csproj", "{1331400D-B2EE-417D-8C9C-FD171834A149}"
EndProject
Project("{FAE04EC0-301F-11D3-BF4B-00C04F79EFBC}") = "Asteroids.iOS", "Asteroids\Asteroids.iOS\Asteroids.iOS.csproj", "{5ECB832D-D44F-4636-8672-3FE84578E5DF}"
EndProject
Project("{FAE04EC0-301F-11D3-BF4B-00C04F79EFBC}") = "Asteroids.UWP", "Asteroids\Asteroids.UWP\Asteroids.UWP.csproj", "{3A0DE860-F635-46EC-9DA3-6857C3FA4D78}"
EndProject
Project("{2150E333-8FDC-42A3-9474-1A3956D46DE8}") = "Toolkits", "Toolkits", "{CD348E93-2CE2-45F4-80C6-DF80709DDCFA}"
EndProject
Project("{9A19103F-16F7-4668-BE54-9A1E7A4F7556}") = "XamarinForms.Toolkit.Helpers", "..\xf-toolkit\XamarinForms.Toolkit.Helpers\XamarinForms.Toolkit.Helpers.csproj", "{C570249C-66DB-4E0C-9887-26AAC579A746}"
EndProject
Project("{9A19103F-16F7-4668-BE54-9A1E7A4F7556}") = "XamarinForms.Toolkit.Urho3D", "..\xf-toolkit\XamarinForms.Toolkit.Urho3D\XamarinForms.Toolkit.Urho3D.csproj", "{5FB80DDD-2932-4AD0-BAEF-DECD1D74652D}"
EndProject
Global
	GlobalSection(SolutionConfigurationPlatforms) = preSolution
		Ad-Hoc|Any CPU = Ad-Hoc|Any CPU
		Ad-Hoc|ARM = Ad-Hoc|ARM
		Ad-Hoc|iPhone = Ad-Hoc|iPhone
		Ad-Hoc|iPhoneSimulator = Ad-Hoc|iPhoneSimulator
		Ad-Hoc|x64 = Ad-Hoc|x64
		Ad-Hoc|x86 = Ad-Hoc|x86
		AppStore|Any CPU = AppStore|Any CPU
		AppStore|ARM = AppStore|ARM
		AppStore|iPhone = AppStore|iPhone
		AppStore|iPhoneSimulator = AppStore|iPhoneSimulator
		AppStore|x64 = AppStore|x64
		AppStore|x86 = AppStore|x86
		Debug|Any CPU = Debug|Any CPU
		Debug|ARM = Debug|ARM
		Debug|iPhone = Debug|iPhone
		Debug|iPhoneSimulator = Debug|iPhoneSimulator
		Debug|x64 = Debug|x64
		Debug|x86 = Debug|x86
		Release|Any CPU = Release|Any CPU
		Release|ARM = Release|ARM
		Release|iPhone = Release|iPhone
		Release|iPhoneSimulator = Release|iPhoneSimulator
		Release|x64 = Release|x64
		Release|x86 = Release|x86
	EndGlobalSection
	GlobalSection(ProjectConfigurationPlatforms) = postSolution
		{2B893FA6-09A5-4A43-9544-C120D92D6125}.Ad-Hoc|Any CPU.ActiveCfg = Debug|Any CPU
		{2B893FA6-09A5-4A43-9544-C120D92D6125}.Ad-Hoc|Any CPU.Build.0 = Debug|Any CPU
		{2B893FA6-09A5-4A43-9544-C120D92D6125}.Ad-Hoc|ARM.ActiveCfg = Debug|Any CPU
		{2B893FA6-09A5-4A43-9544-C120D92D6125}.Ad-Hoc|ARM.Build.0 = Debug|Any CPU
		{2B893FA6-09A5-4A43-9544-C120D92D6125}.Ad-Hoc|iPhone.ActiveCfg = Debug|Any CPU
		{2B893FA6-09A5-4A43-9544-C120D92D6125}.Ad-Hoc|iPhone.Build.0 = Debug|Any CPU
		{2B893FA6-09A5-4A43-9544-C120D92D6125}.Ad-Hoc|iPhoneSimulator.ActiveCfg = Debug|Any CPU
		{2B893FA6-09A5-4A43-9544-C120D92D6125}.Ad-Hoc|iPhoneSimulator.Build.0 = Debug|Any CPU
		{2B893FA6-09A5-4A43-9544-C120D92D6125}.Ad-Hoc|x64.ActiveCfg = Debug|Any CPU
		{2B893FA6-09A5-4A43-9544-C120D92D6125}.Ad-Hoc|x64.Build.0 = Debug|Any CPU
		{2B893FA6-09A5-4A43-9544-C120D92D6125}.Ad-Hoc|x86.ActiveCfg = Debug|Any CPU
		{2B893FA6-09A5-4A43-9544-C120D92D6125}.Ad-Hoc|x86.Build.0 = Debug|Any CPU
		{2B893FA6-09A5-4A43-9544-C120D92D6125}.AppStore|Any CPU.ActiveCfg = Debug|Any CPU
		{2B893FA6-09A5-4A43-9544-C120D92D6125}.AppStore|Any CPU.Build.0 = Debug|Any CPU
		{2B893FA6-09A5-4A43-9544-C120D92D6125}.AppStore|ARM.ActiveCfg = Debug|Any CPU
		{2B893FA6-09A5-4A43-9544-C120D92D6125}.AppStore|ARM.Build.0 = Debug|Any CPU
		{2B893FA6-09A5-4A43-9544-C120D92D6125}.AppStore|iPhone.ActiveCfg = Debug|Any CPU
		{2B893FA6-09A5-4A43-9544-C120D92D6125}.AppStore|iPhone.Build.0 = Debug|Any CPU
		{2B893FA6-09A5-4A43-9544-C120D92D6125}.AppStore|iPhoneSimulator.ActiveCfg = Debug|Any CPU
		{2B893FA6-09A5-4A43-9544-C120D92D6125}.AppStore|iPhoneSimulator.Build.0 = Debug|Any CPU
		{2B893FA6-09A5-4A43-9544-C120D92D6125}.AppStore|x64.ActiveCfg = Debug|Any CPU
		{2B893FA6-09A5-4A43-9544-C120D92D6125}.AppStore|x64.Build.0 = Debug|Any CPU
		{2B893FA6-09A5-4A43-9544-C120D92D6125}.AppStore|x86.ActiveCfg = Debug|Any CPU
		{2B893FA6-09A5-4A43-9544-C120D92D6125}.AppStore|x86.Build.0 = Debug|Any CPU
		{2B893FA6-09A5-4A43-9544-C120D92D6125}.Debug|Any CPU.ActiveCfg = Debug|Any CPU
		{2B893FA6-09A5-4A43-9544-C120D92D6125}.Debug|Any CPU.Build.0 = Debug|Any CPU
		{2B893FA6-09A5-4A43-9544-C120D92D6125}.Debug|ARM.ActiveCfg = Debug|Any CPU
		{2B893FA6-09A5-4A43-9544-C120D92D6125}.Debug|ARM.Build.0 = Debug|Any CPU
		{2B893FA6-09A5-4A43-9544-C120D92D6125}.Debug|iPhone.ActiveCfg = Debug|Any CPU
		{2B893FA6-09A5-4A43-9544-C120D92D6125}.Debug|iPhone.Build.0 = Debug|Any CPU
		{2B893FA6-09A5-4A43-9544-C120D92D6125}.Debug|iPhoneSimulator.ActiveCfg = Debug|Any CPU
		{2B893FA6-09A5-4A43-9544-C120D92D6125}.Debug|iPhoneSimulator.Build.0 = Debug|Any CPU
		{2B893FA6-09A5-4A43-9544-C120D92D6125}.Debug|x64.ActiveCfg = Debug|Any CPU
		{2B893FA6-09A5-4A43-9544-C120D92D6125}.Debug|x64.Build.0 = Debug|Any CPU
		{2B893FA6-09A5-4A43-9544-C120D92D6125}.Debug|x86.ActiveCfg = Debug|Any CPU
		{2B893FA6-09A5-4A43-9544-C120D92D6125}.Debug|x86.Build.0 = Debug|Any CPU
		{2B893FA6-09A5-4A43-9544-C120D92D6125}.Release|Any CPU.ActiveCfg = Release|Any CPU
		{2B893FA6-09A5-4A43-9544-C120D92D6125}.Release|Any CPU.Build.0 = Release|Any CPU
		{2B893FA6-09A5-4A43-9544-C120D92D6125}.Release|ARM.ActiveCfg = Release|Any CPU
		{2B893FA6-09A5-4A43-9544-C120D92D6125}.Release|ARM.Build.0 = Release|Any CPU
		{2B893FA6-09A5-4A43-9544-C120D92D6125}.Release|iPhone.ActiveCfg = Release|Any CPU
		{2B893FA6-09A5-4A43-9544-C120D92D6125}.Release|iPhone.Build.0 = Release|Any CPU
		{2B893FA6-09A5-4A43-9544-C120D92D6125}.Release|iPhoneSimulator.ActiveCfg = Release|Any CPU
		{2B893FA6-09A5-4A43-9544-C120D92D6125}.Release|iPhoneSimulator.Build.0 = Release|Any CPU
		{2B893FA6-09A5-4A43-9544-C120D92D6125}.Release|x64.ActiveCfg = Release|Any CPU
		{2B893FA6-09A5-4A43-9544-C120D92D6125}.Release|x64.Build.0 = Release|Any CPU
		{2B893FA6-09A5-4A43-9544-C120D92D6125}.Release|x86.ActiveCfg = Release|Any CPU
		{2B893FA6-09A5-4A43-9544-C120D92D6125}.Release|x86.Build.0 = Release|Any CPU
		{1331400D-B2EE-417D-8C9C-FD171834A149}.Ad-Hoc|Any CPU.ActiveCfg = Release|Any CPU
		{1331400D-B2EE-417D-8C9C-FD171834A149}.Ad-Hoc|Any CPU.Build.0 = Release|Any CPU
		{1331400D-B2EE-417D-8C9C-FD171834A149}.Ad-Hoc|Any CPU.Deploy.0 = Release|Any CPU
		{1331400D-B2EE-417D-8C9C-FD171834A149}.Ad-Hoc|ARM.ActiveCfg = Release|Any CPU
		{1331400D-B2EE-417D-8C9C-FD171834A149}.Ad-Hoc|ARM.Build.0 = Release|Any CPU
		{1331400D-B2EE-417D-8C9C-FD171834A149}.Ad-Hoc|ARM.Deploy.0 = Release|Any CPU
		{1331400D-B2EE-417D-8C9C-FD171834A149}.Ad-Hoc|iPhone.ActiveCfg = Release|Any CPU
		{1331400D-B2EE-417D-8C9C-FD171834A149}.Ad-Hoc|iPhone.Build.0 = Release|Any CPU
		{1331400D-B2EE-417D-8C9C-FD171834A149}.Ad-Hoc|iPhone.Deploy.0 = Release|Any CPU
		{1331400D-B2EE-417D-8C9C-FD171834A149}.Ad-Hoc|iPhoneSimulator.ActiveCfg = Release|Any CPU
		{1331400D-B2EE-417D-8C9C-FD171834A149}.Ad-Hoc|iPhoneSimulator.Build.0 = Release|Any CPU
		{1331400D-B2EE-417D-8C9C-FD171834A149}.Ad-Hoc|iPhoneSimulator.Deploy.0 = Release|Any CPU
		{1331400D-B2EE-417D-8C9C-FD171834A149}.Ad-Hoc|x64.ActiveCfg = Release|Any CPU
		{1331400D-B2EE-417D-8C9C-FD171834A149}.Ad-Hoc|x64.Build.0 = Release|Any CPU
		{1331400D-B2EE-417D-8C9C-FD171834A149}.Ad-Hoc|x64.Deploy.0 = Release|Any CPU
		{1331400D-B2EE-417D-8C9C-FD171834A149}.Ad-Hoc|x86.ActiveCfg = Release|Any CPU
		{1331400D-B2EE-417D-8C9C-FD171834A149}.Ad-Hoc|x86.Build.0 = Release|Any CPU
		{1331400D-B2EE-417D-8C9C-FD171834A149}.Ad-Hoc|x86.Deploy.0 = Release|Any CPU
		{1331400D-B2EE-417D-8C9C-FD171834A149}.AppStore|Any CPU.ActiveCfg = Release|Any CPU
		{1331400D-B2EE-417D-8C9C-FD171834A149}.AppStore|Any CPU.Build.0 = Release|Any CPU
		{1331400D-B2EE-417D-8C9C-FD171834A149}.AppStore|Any CPU.Deploy.0 = Release|Any CPU
		{1331400D-B2EE-417D-8C9C-FD171834A149}.AppStore|ARM.ActiveCfg = Release|Any CPU
		{1331400D-B2EE-417D-8C9C-FD171834A149}.AppStore|ARM.Build.0 = Release|Any CPU
		{1331400D-B2EE-417D-8C9C-FD171834A149}.AppStore|ARM.Deploy.0 = Release|Any CPU
		{1331400D-B2EE-417D-8C9C-FD171834A149}.AppStore|iPhone.ActiveCfg = Release|Any CPU
		{1331400D-B2EE-417D-8C9C-FD171834A149}.AppStore|iPhone.Build.0 = Release|Any CPU
		{1331400D-B2EE-417D-8C9C-FD171834A149}.AppStore|iPhone.Deploy.0 = Release|Any CPU
		{1331400D-B2EE-417D-8C9C-FD171834A149}.AppStore|iPhoneSimulator.ActiveCfg = Release|Any CPU
		{1331400D-B2EE-417D-8C9C-FD171834A149}.AppStore|iPhoneSimulator.Build.0 = Release|Any CPU
		{1331400D-B2EE-417D-8C9C-FD171834A149}.AppStore|iPhoneSimulator.Deploy.0 = Release|Any CPU
		{1331400D-B2EE-417D-8C9C-FD171834A149}.AppStore|x64.ActiveCfg = Release|Any CPU
		{1331400D-B2EE-417D-8C9C-FD171834A149}.AppStore|x64.Build.0 = Release|Any CPU
		{1331400D-B2EE-417D-8C9C-FD171834A149}.AppStore|x64.Deploy.0 = Release|Any CPU
		{1331400D-B2EE-417D-8C9C-FD171834A149}.AppStore|x86.ActiveCfg = Release|Any CPU
		{1331400D-B2EE-417D-8C9C-FD171834A149}.AppStore|x86.Build.0 = Release|Any CPU
		{1331400D-B2EE-417D-8C9C-FD171834A149}.AppStore|x86.Deploy.0 = Release|Any CPU
		{1331400D-B2EE-417D-8C9C-FD171834A149}.Debug|Any CPU.ActiveCfg = Debug|Any CPU
		{1331400D-B2EE-417D-8C9C-FD171834A149}.Debug|Any CPU.Build.0 = Debug|Any CPU
		{1331400D-B2EE-417D-8C9C-FD171834A149}.Debug|Any CPU.Deploy.0 = Debug|Any CPU
		{1331400D-B2EE-417D-8C9C-FD171834A149}.Debug|ARM.ActiveCfg = Debug|Any CPU
		{1331400D-B2EE-417D-8C9C-FD171834A149}.Debug|ARM.Build.0 = Debug|Any CPU
		{1331400D-B2EE-417D-8C9C-FD171834A149}.Debug|ARM.Deploy.0 = Debug|Any CPU
		{1331400D-B2EE-417D-8C9C-FD171834A149}.Debug|iPhone.ActiveCfg = Debug|Any CPU
		{1331400D-B2EE-417D-8C9C-FD171834A149}.Debug|iPhone.Build.0 = Debug|Any CPU
		{1331400D-B2EE-417D-8C9C-FD171834A149}.Debug|iPhone.Deploy.0 = Debug|Any CPU
		{1331400D-B2EE-417D-8C9C-FD171834A149}.Debug|iPhoneSimulator.ActiveCfg = Debug|Any CPU
		{1331400D-B2EE-417D-8C9C-FD171834A149}.Debug|iPhoneSimulator.Build.0 = Debug|Any CPU
		{1331400D-B2EE-417D-8C9C-FD171834A149}.Debug|iPhoneSimulator.Deploy.0 = Debug|Any CPU
		{1331400D-B2EE-417D-8C9C-FD171834A149}.Debug|x64.ActiveCfg = Debug|Any CPU
		{1331400D-B2EE-417D-8C9C-FD171834A149}.Debug|x64.Build.0 = Debug|Any CPU
		{1331400D-B2EE-417D-8C9C-FD171834A149}.Debug|x64.Deploy.0 = Debug|Any CPU
		{1331400D-B2EE-417D-8C9C-FD171834A149}.Debug|x86.ActiveCfg = Debug|Any CPU
		{1331400D-B2EE-417D-8C9C-FD171834A149}.Debug|x86.Build.0 = Debug|Any CPU
		{1331400D-B2EE-417D-8C9C-FD171834A149}.Debug|x86.Deploy.0 = Debug|Any CPU
		{1331400D-B2EE-417D-8C9C-FD171834A149}.Release|Any CPU.ActiveCfg = Release|Any CPU
		{1331400D-B2EE-417D-8C9C-FD171834A149}.Release|Any CPU.Build.0 = Release|Any CPU
		{1331400D-B2EE-417D-8C9C-FD171834A149}.Release|Any CPU.Deploy.0 = Release|Any CPU
		{1331400D-B2EE-417D-8C9C-FD171834A149}.Release|ARM.ActiveCfg = Release|Any CPU
		{1331400D-B2EE-417D-8C9C-FD171834A149}.Release|ARM.Build.0 = Release|Any CPU
		{1331400D-B2EE-417D-8C9C-FD171834A149}.Release|ARM.Deploy.0 = Release|Any CPU
		{1331400D-B2EE-417D-8C9C-FD171834A149}.Release|iPhone.ActiveCfg = Release|Any CPU
		{1331400D-B2EE-417D-8C9C-FD171834A149}.Release|iPhone.Build.0 = Release|Any CPU
		{1331400D-B2EE-417D-8C9C-FD171834A149}.Release|iPhone.Deploy.0 = Release|Any CPU
		{1331400D-B2EE-417D-8C9C-FD171834A149}.Release|iPhoneSimulator.ActiveCfg = Release|Any CPU
		{1331400D-B2EE-417D-8C9C-FD171834A149}.Release|iPhoneSimulator.Build.0 = Release|Any CPU
		{1331400D-B2EE-417D-8C9C-FD171834A149}.Release|iPhoneSimulator.Deploy.0 = Release|Any CPU
		{1331400D-B2EE-417D-8C9C-FD171834A149}.Release|x64.ActiveCfg = Release|Any CPU
		{1331400D-B2EE-417D-8C9C-FD171834A149}.Release|x64.Build.0 = Release|Any CPU
		{1331400D-B2EE-417D-8C9C-FD171834A149}.Release|x64.Deploy.0 = Release|Any CPU
		{1331400D-B2EE-417D-8C9C-FD171834A149}.Release|x86.ActiveCfg = Release|Any CPU
		{1331400D-B2EE-417D-8C9C-FD171834A149}.Release|x86.Build.0 = Release|Any CPU
		{1331400D-B2EE-417D-8C9C-FD171834A149}.Release|x86.Deploy.0 = Release|Any CPU
		{5ECB832D-D44F-4636-8672-3FE84578E5DF}.Ad-Hoc|Any CPU.ActiveCfg = Ad-Hoc|iPhone
		{5ECB832D-D44F-4636-8672-3FE84578E5DF}.Ad-Hoc|ARM.ActiveCfg = Ad-Hoc|iPhone
		{5ECB832D-D44F-4636-8672-3FE84578E5DF}.Ad-Hoc|iPhone.ActiveCfg = Ad-Hoc|iPhone
		{5ECB832D-D44F-4636-8672-3FE84578E5DF}.Ad-Hoc|iPhone.Build.0 = Ad-Hoc|iPhone
		{5ECB832D-D44F-4636-8672-3FE84578E5DF}.Ad-Hoc|iPhoneSimulator.ActiveCfg = Ad-Hoc|iPhoneSimulator
		{5ECB832D-D44F-4636-8672-3FE84578E5DF}.Ad-Hoc|iPhoneSimulator.Build.0 = Ad-Hoc|iPhoneSimulator
		{5ECB832D-D44F-4636-8672-3FE84578E5DF}.Ad-Hoc|x64.ActiveCfg = Ad-Hoc|iPhone
		{5ECB832D-D44F-4636-8672-3FE84578E5DF}.Ad-Hoc|x86.ActiveCfg = Ad-Hoc|iPhone
		{5ECB832D-D44F-4636-8672-3FE84578E5DF}.AppStore|Any CPU.ActiveCfg = AppStore|iPhone
		{5ECB832D-D44F-4636-8672-3FE84578E5DF}.AppStore|ARM.ActiveCfg = AppStore|iPhone
		{5ECB832D-D44F-4636-8672-3FE84578E5DF}.AppStore|iPhone.ActiveCfg = AppStore|iPhone
		{5ECB832D-D44F-4636-8672-3FE84578E5DF}.AppStore|iPhone.Build.0 = AppStore|iPhone
		{5ECB832D-D44F-4636-8672-3FE84578E5DF}.AppStore|iPhoneSimulator.ActiveCfg = AppStore|iPhoneSimulator
		{5ECB832D-D44F-4636-8672-3FE84578E5DF}.AppStore|iPhoneSimulator.Build.0 = AppStore|iPhoneSimulator
		{5ECB832D-D44F-4636-8672-3FE84578E5DF}.AppStore|x64.ActiveCfg = AppStore|iPhone
		{5ECB832D-D44F-4636-8672-3FE84578E5DF}.AppStore|x86.ActiveCfg = AppStore|iPhone
		{5ECB832D-D44F-4636-8672-3FE84578E5DF}.Debug|Any CPU.ActiveCfg = Debug|iPhone
		{5ECB832D-D44F-4636-8672-3FE84578E5DF}.Debug|ARM.ActiveCfg = Debug|iPhone
		{5ECB832D-D44F-4636-8672-3FE84578E5DF}.Debug|iPhone.ActiveCfg = Debug|iPhone
		{5ECB832D-D44F-4636-8672-3FE84578E5DF}.Debug|iPhone.Build.0 = Debug|iPhone
		{5ECB832D-D44F-4636-8672-3FE84578E5DF}.Debug|iPhoneSimulator.ActiveCfg = Debug|iPhoneSimulator
		{5ECB832D-D44F-4636-8672-3FE84578E5DF}.Debug|iPhoneSimulator.Build.0 = Debug|iPhoneSimulator
		{5ECB832D-D44F-4636-8672-3FE84578E5DF}.Debug|x64.ActiveCfg = Debug|iPhone
		{5ECB832D-D44F-4636-8672-3FE84578E5DF}.Debug|x86.ActiveCfg = Debug|iPhone
		{5ECB832D-D44F-4636-8672-3FE84578E5DF}.Release|Any CPU.ActiveCfg = Release|iPhone
		{5ECB832D-D44F-4636-8672-3FE84578E5DF}.Release|ARM.ActiveCfg = Release|iPhone
		{5ECB832D-D44F-4636-8672-3FE84578E5DF}.Release|iPhone.ActiveCfg = Release|iPhone
		{5ECB832D-D44F-4636-8672-3FE84578E5DF}.Release|iPhone.Build.0 = Release|iPhone
		{5ECB832D-D44F-4636-8672-3FE84578E5DF}.Release|iPhoneSimulator.ActiveCfg = Release|iPhoneSimulator
		{5ECB832D-D44F-4636-8672-3FE84578E5DF}.Release|iPhoneSimulator.Build.0 = Release|iPhoneSimulator
		{5ECB832D-D44F-4636-8672-3FE84578E5DF}.Release|x64.ActiveCfg = Release|iPhone
		{5ECB832D-D44F-4636-8672-3FE84578E5DF}.Release|x86.ActiveCfg = Release|iPhone
		{3A0DE860-F635-46EC-9DA3-6857C3FA4D78}.Ad-Hoc|Any CPU.ActiveCfg = Release|x86
		{3A0DE860-F635-46EC-9DA3-6857C3FA4D78}.Ad-Hoc|Any CPU.Build.0 = Release|x86
		{3A0DE860-F635-46EC-9DA3-6857C3FA4D78}.Ad-Hoc|Any CPU.Deploy.0 = Release|x86
		{3A0DE860-F635-46EC-9DA3-6857C3FA4D78}.Ad-Hoc|ARM.ActiveCfg = Release|ARM
		{3A0DE860-F635-46EC-9DA3-6857C3FA4D78}.Ad-Hoc|ARM.Build.0 = Release|ARM
		{3A0DE860-F635-46EC-9DA3-6857C3FA4D78}.Ad-Hoc|ARM.Deploy.0 = Release|ARM
		{3A0DE860-F635-46EC-9DA3-6857C3FA4D78}.Ad-Hoc|iPhone.ActiveCfg = Release|x86
		{3A0DE860-F635-46EC-9DA3-6857C3FA4D78}.Ad-Hoc|iPhone.Build.0 = Release|x86
		{3A0DE860-F635-46EC-9DA3-6857C3FA4D78}.Ad-Hoc|iPhone.Deploy.0 = Release|x86
		{3A0DE860-F635-46EC-9DA3-6857C3FA4D78}.Ad-Hoc|iPhoneSimulator.ActiveCfg = Release|x86
		{3A0DE860-F635-46EC-9DA3-6857C3FA4D78}.Ad-Hoc|iPhoneSimulator.Build.0 = Release|x86
		{3A0DE860-F635-46EC-9DA3-6857C3FA4D78}.Ad-Hoc|iPhoneSimulator.Deploy.0 = Release|x86
		{3A0DE860-F635-46EC-9DA3-6857C3FA4D78}.Ad-Hoc|x64.ActiveCfg = Release|x64
		{3A0DE860-F635-46EC-9DA3-6857C3FA4D78}.Ad-Hoc|x64.Build.0 = Release|x64
		{3A0DE860-F635-46EC-9DA3-6857C3FA4D78}.Ad-Hoc|x64.Deploy.0 = Release|x64
		{3A0DE860-F635-46EC-9DA3-6857C3FA4D78}.Ad-Hoc|x86.ActiveCfg = Release|x86
		{3A0DE860-F635-46EC-9DA3-6857C3FA4D78}.Ad-Hoc|x86.Build.0 = Release|x86
		{3A0DE860-F635-46EC-9DA3-6857C3FA4D78}.Ad-Hoc|x86.Deploy.0 = Release|x86
		{3A0DE860-F635-46EC-9DA3-6857C3FA4D78}.AppStore|Any CPU.ActiveCfg = Release|x86
		{3A0DE860-F635-46EC-9DA3-6857C3FA4D78}.AppStore|Any CPU.Build.0 = Release|x86
		{3A0DE860-F635-46EC-9DA3-6857C3FA4D78}.AppStore|Any CPU.Deploy.0 = Release|x86
		{3A0DE860-F635-46EC-9DA3-6857C3FA4D78}.AppStore|ARM.ActiveCfg = Release|ARM
		{3A0DE860-F635-46EC-9DA3-6857C3FA4D78}.AppStore|ARM.Build.0 = Release|ARM
		{3A0DE860-F635-46EC-9DA3-6857C3FA4D78}.AppStore|ARM.Deploy.0 = Release|ARM
		{3A0DE860-F635-46EC-9DA3-6857C3FA4D78}.AppStore|iPhone.ActiveCfg = Release|x86
		{3A0DE860-F635-46EC-9DA3-6857C3FA4D78}.AppStore|iPhone.Build.0 = Release|x86
		{3A0DE860-F635-46EC-9DA3-6857C3FA4D78}.AppStore|iPhone.Deploy.0 = Release|x86
		{3A0DE860-F635-46EC-9DA3-6857C3FA4D78}.AppStore|iPhoneSimulator.ActiveCfg = Release|x86
		{3A0DE860-F635-46EC-9DA3-6857C3FA4D78}.AppStore|iPhoneSimulator.Build.0 = Release|x86
		{3A0DE860-F635-46EC-9DA3-6857C3FA4D78}.AppStore|iPhoneSimulator.Deploy.0 = Release|x86
		{3A0DE860-F635-46EC-9DA3-6857C3FA4D78}.AppStore|x64.ActiveCfg = Release|x64
		{3A0DE860-F635-46EC-9DA3-6857C3FA4D78}.AppStore|x64.Build.0 = Release|x64
		{3A0DE860-F635-46EC-9DA3-6857C3FA4D78}.AppStore|x64.Deploy.0 = Release|x64
		{3A0DE860-F635-46EC-9DA3-6857C3FA4D78}.AppStore|x86.ActiveCfg = Release|x86
		{3A0DE860-F635-46EC-9DA3-6857C3FA4D78}.AppStore|x86.Build.0 = Release|x86
		{3A0DE860-F635-46EC-9DA3-6857C3FA4D78}.AppStore|x86.Deploy.0 = Release|x86
		{3A0DE860-F635-46EC-9DA3-6857C3FA4D78}.Debug|Any CPU.ActiveCfg = Debug|x86
		{3A0DE860-F635-46EC-9DA3-6857C3FA4D78}.Debug|Any CPU.Build.0 = Debug|x86
		{3A0DE860-F635-46EC-9DA3-6857C3FA4D78}.Debug|ARM.ActiveCfg = Debug|ARM
		{3A0DE860-F635-46EC-9DA3-6857C3FA4D78}.Debug|ARM.Build.0 = Debug|ARM
		{3A0DE860-F635-46EC-9DA3-6857C3FA4D78}.Debug|ARM.Deploy.0 = Debug|ARM
		{3A0DE860-F635-46EC-9DA3-6857C3FA4D78}.Debug|iPhone.ActiveCfg = Debug|x86
		{3A0DE860-F635-46EC-9DA3-6857C3FA4D78}.Debug|iPhoneSimulator.ActiveCfg = Debug|x86
		{3A0DE860-F635-46EC-9DA3-6857C3FA4D78}.Debug|x64.ActiveCfg = Debug|x64
		{3A0DE860-F635-46EC-9DA3-6857C3FA4D78}.Debug|x64.Build.0 = Debug|x64
		{3A0DE860-F635-46EC-9DA3-6857C3FA4D78}.Debug|x64.Deploy.0 = Debug|x64
		{3A0DE860-F635-46EC-9DA3-6857C3FA4D78}.Debug|x86.ActiveCfg = Debug|x86
		{3A0DE860-F635-46EC-9DA3-6857C3FA4D78}.Debug|x86.Build.0 = Debug|x86
		{3A0DE860-F635-46EC-9DA3-6857C3FA4D78}.Debug|x86.Deploy.0 = Debug|x86
		{3A0DE860-F635-46EC-9DA3-6857C3FA4D78}.Release|Any CPU.ActiveCfg = Release|x86
		{3A0DE860-F635-46EC-9DA3-6857C3FA4D78}.Release|ARM.ActiveCfg = Release|ARM
		{3A0DE860-F635-46EC-9DA3-6857C3FA4D78}.Release|ARM.Build.0 = Release|ARM
		{3A0DE860-F635-46EC-9DA3-6857C3FA4D78}.Release|ARM.Deploy.0 = Release|ARM
		{3A0DE860-F635-46EC-9DA3-6857C3FA4D78}.Release|iPhone.ActiveCfg = Release|x86
		{3A0DE860-F635-46EC-9DA3-6857C3FA4D78}.Release|iPhoneSimulator.ActiveCfg = Release|x86
		{3A0DE860-F635-46EC-9DA3-6857C3FA4D78}.Release|x64.ActiveCfg = Release|x64
		{3A0DE860-F635-46EC-9DA3-6857C3FA4D78}.Release|x64.Build.0 = Release|x64
		{3A0DE860-F635-46EC-9DA3-6857C3FA4D78}.Release|x64.Deploy.0 = Release|x64
		{3A0DE860-F635-46EC-9DA3-6857C3FA4D78}.Release|x86.ActiveCfg = Release|x86
		{3A0DE860-F635-46EC-9DA3-6857C3FA4D78}.Release|x86.Build.0 = Release|x86
		{3A0DE860-F635-46EC-9DA3-6857C3FA4D78}.Release|x86.Deploy.0 = Release|x86
		{C570249C-66DB-4E0C-9887-26AAC579A746}.Ad-Hoc|Any CPU.ActiveCfg = Debug|Any CPU
		{C570249C-66DB-4E0C-9887-26AAC579A746}.Ad-Hoc|Any CPU.Build.0 = Debug|Any CPU
		{C570249C-66DB-4E0C-9887-26AAC579A746}.Ad-Hoc|ARM.ActiveCfg = Debug|Any CPU
		{C570249C-66DB-4E0C-9887-26AAC579A746}.Ad-Hoc|ARM.Build.0 = Debug|Any CPU
		{C570249C-66DB-4E0C-9887-26AAC579A746}.Ad-Hoc|iPhone.ActiveCfg = Debug|Any CPU
		{C570249C-66DB-4E0C-9887-26AAC579A746}.Ad-Hoc|iPhone.Build.0 = Debug|Any CPU
		{C570249C-66DB-4E0C-9887-26AAC579A746}.Ad-Hoc|iPhoneSimulator.ActiveCfg = Debug|Any CPU
		{C570249C-66DB-4E0C-9887-26AAC579A746}.Ad-Hoc|iPhoneSimulator.Build.0 = Debug|Any CPU
		{C570249C-66DB-4E0C-9887-26AAC579A746}.Ad-Hoc|x64.ActiveCfg = Debug|Any CPU
		{C570249C-66DB-4E0C-9887-26AAC579A746}.Ad-Hoc|x64.Build.0 = Debug|Any CPU
		{C570249C-66DB-4E0C-9887-26AAC579A746}.Ad-Hoc|x86.ActiveCfg = Debug|Any CPU
		{C570249C-66DB-4E0C-9887-26AAC579A746}.Ad-Hoc|x86.Build.0 = Debug|Any CPU
		{C570249C-66DB-4E0C-9887-26AAC579A746}.AppStore|Any CPU.ActiveCfg = Debug|Any CPU
		{C570249C-66DB-4E0C-9887-26AAC579A746}.AppStore|Any CPU.Build.0 = Debug|Any CPU
		{C570249C-66DB-4E0C-9887-26AAC579A746}.AppStore|ARM.ActiveCfg = Debug|Any CPU
		{C570249C-66DB-4E0C-9887-26AAC579A746}.AppStore|ARM.Build.0 = Debug|Any CPU
		{C570249C-66DB-4E0C-9887-26AAC579A746}.AppStore|iPhone.ActiveCfg = Debug|Any CPU
		{C570249C-66DB-4E0C-9887-26AAC579A746}.AppStore|iPhone.Build.0 = Debug|Any CPU
		{C570249C-66DB-4E0C-9887-26AAC579A746}.AppStore|iPhoneSimulator.ActiveCfg = Debug|Any CPU
		{C570249C-66DB-4E0C-9887-26AAC579A746}.AppStore|iPhoneSimulator.Build.0 = Debug|Any CPU
		{C570249C-66DB-4E0C-9887-26AAC579A746}.AppStore|x64.ActiveCfg = Debug|Any CPU
		{C570249C-66DB-4E0C-9887-26AAC579A746}.AppStore|x64.Build.0 = Debug|Any CPU
		{C570249C-66DB-4E0C-9887-26AAC579A746}.AppStore|x86.ActiveCfg = Debug|Any CPU
		{C570249C-66DB-4E0C-9887-26AAC579A746}.AppStore|x86.Build.0 = Debug|Any CPU
		{C570249C-66DB-4E0C-9887-26AAC579A746}.Debug|Any CPU.ActiveCfg = Debug|Any CPU
		{C570249C-66DB-4E0C-9887-26AAC579A746}.Debug|Any CPU.Build.0 = Debug|Any CPU
		{C570249C-66DB-4E0C-9887-26AAC579A746}.Debug|ARM.ActiveCfg = Debug|Any CPU
		{C570249C-66DB-4E0C-9887-26AAC579A746}.Debug|ARM.Build.0 = Debug|Any CPU
		{C570249C-66DB-4E0C-9887-26AAC579A746}.Debug|iPhone.ActiveCfg = Debug|Any CPU
		{C570249C-66DB-4E0C-9887-26AAC579A746}.Debug|iPhone.Build.0 = Debug|Any CPU
		{C570249C-66DB-4E0C-9887-26AAC579A746}.Debug|iPhoneSimulator.ActiveCfg = Debug|Any CPU
		{C570249C-66DB-4E0C-9887-26AAC579A746}.Debug|iPhoneSimulator.Build.0 = Debug|Any CPU
		{C570249C-66DB-4E0C-9887-26AAC579A746}.Debug|x64.ActiveCfg = Debug|Any CPU
		{C570249C-66DB-4E0C-9887-26AAC579A746}.Debug|x64.Build.0 = Debug|Any CPU
		{C570249C-66DB-4E0C-9887-26AAC579A746}.Debug|x86.ActiveCfg = Debug|Any CPU
		{C570249C-66DB-4E0C-9887-26AAC579A746}.Debug|x86.Build.0 = Debug|Any CPU
		{C570249C-66DB-4E0C-9887-26AAC579A746}.Release|Any CPU.ActiveCfg = Release|Any CPU
		{C570249C-66DB-4E0C-9887-26AAC579A746}.Release|Any CPU.Build.0 = Release|Any CPU
		{C570249C-66DB-4E0C-9887-26AAC579A746}.Release|ARM.ActiveCfg = Release|Any CPU
		{C570249C-66DB-4E0C-9887-26AAC579A746}.Release|ARM.Build.0 = Release|Any CPU
		{C570249C-66DB-4E0C-9887-26AAC579A746}.Release|iPhone.ActiveCfg = Release|Any CPU
		{C570249C-66DB-4E0C-9887-26AAC579A746}.Release|iPhone.Build.0 = Release|Any CPU
		{C570249C-66DB-4E0C-9887-26AAC579A746}.Release|iPhoneSimulator.ActiveCfg = Release|Any CPU
		{C570249C-66DB-4E0C-9887-26AAC579A746}.Release|iPhoneSimulator.Build.0 = Release|Any CPU
		{C570249C-66DB-4E0C-9887-26AAC579A746}.Release|x64.ActiveCfg = Release|Any CPU
		{C570249C-66DB-4E0C-9887-26AAC579A746}.Release|x64.Build.0 = Release|Any CPU
		{C570249C-66DB-4E0C-9887-26AAC579A746}.Release|x86.ActiveCfg = Release|Any CPU
		{C570249C-66DB-4E0C-9887-26AAC579A746}.Release|x86.Build.0 = Release|Any CPU
		{5FB80DDD-2932-4AD0-BAEF-DECD1D74652D}.Ad-Hoc|Any CPU.ActiveCfg = Debug|Any CPU
		{5FB80DDD-2932-4AD0-BAEF-DECD1D74652D}.Ad-Hoc|Any CPU.Build.0 = Debug|Any CPU
		{5FB80DDD-2932-4AD0-BAEF-DECD1D74652D}.Ad-Hoc|ARM.ActiveCfg = Debug|Any CPU
		{5FB80DDD-2932-4AD0-BAEF-DECD1D74652D}.Ad-Hoc|ARM.Build.0 = Debug|Any CPU
		{5FB80DDD-2932-4AD0-BAEF-DECD1D74652D}.Ad-Hoc|iPhone.ActiveCfg = Debug|Any CPU
		{5FB80DDD-2932-4AD0-BAEF-DECD1D74652D}.Ad-Hoc|iPhone.Build.0 = Debug|Any CPU
		{5FB80DDD-2932-4AD0-BAEF-DECD1D74652D}.Ad-Hoc|iPhoneSimulator.ActiveCfg = Debug|Any CPU
		{5FB80DDD-2932-4AD0-BAEF-DECD1D74652D}.Ad-Hoc|iPhoneSimulator.Build.0 = Debug|Any CPU
		{5FB80DDD-2932-4AD0-BAEF-DECD1D74652D}.Ad-Hoc|x64.ActiveCfg = Debug|Any CPU
		{5FB80DDD-2932-4AD0-BAEF-DECD1D74652D}.Ad-Hoc|x64.Build.0 = Debug|Any CPU
		{5FB80DDD-2932-4AD0-BAEF-DECD1D74652D}.Ad-Hoc|x86.ActiveCfg = Debug|Any CPU
		{5FB80DDD-2932-4AD0-BAEF-DECD1D74652D}.Ad-Hoc|x86.Build.0 = Debug|Any CPU
		{5FB80DDD-2932-4AD0-BAEF-DECD1D74652D}.AppStore|Any CPU.ActiveCfg = Debug|Any CPU
		{5FB80DDD-2932-4AD0-BAEF-DECD1D74652D}.AppStore|Any CPU.Build.0 = Debug|Any CPU
		{5FB80DDD-2932-4AD0-BAEF-DECD1D74652D}.AppStore|ARM.ActiveCfg = Debug|Any CPU
		{5FB80DDD-2932-4AD0-BAEF-DECD1D74652D}.AppStore|ARM.Build.0 = Debug|Any CPU
		{5FB80DDD-2932-4AD0-BAEF-DECD1D74652D}.AppStore|iPhone.ActiveCfg = Debug|Any CPU
		{5FB80DDD-2932-4AD0-BAEF-DECD1D74652D}.AppStore|iPhone.Build.0 = Debug|Any CPU
		{5FB80DDD-2932-4AD0-BAEF-DECD1D74652D}.AppStore|iPhoneSimulator.ActiveCfg = Debug|Any CPU
		{5FB80DDD-2932-4AD0-BAEF-DECD1D74652D}.AppStore|iPhoneSimulator.Build.0 = Debug|Any CPU
		{5FB80DDD-2932-4AD0-BAEF-DECD1D74652D}.AppStore|x64.ActiveCfg = Debug|Any CPU
		{5FB80DDD-2932-4AD0-BAEF-DECD1D74652D}.AppStore|x64.Build.0 = Debug|Any CPU
		{5FB80DDD-2932-4AD0-BAEF-DECD1D74652D}.AppStore|x86.ActiveCfg = Debug|Any CPU
		{5FB80DDD-2932-4AD0-BAEF-DECD1D74652D}.AppStore|x86.Build.0 = Debug|Any CPU
		{5FB80DDD-2932-4AD0-BAEF-DECD1D74652D}.Debug|Any CPU.ActiveCfg = Debug|Any CPU
		{5FB80DDD-2932-4AD0-BAEF-DECD1D74652D}.Debug|Any CPU.Build.0 = Debug|Any CPU
		{5FB80DDD-2932-4AD0-BAEF-DECD1D74652D}.Debug|ARM.ActiveCfg = Debug|Any CPU
		{5FB80DDD-2932-4AD0-BAEF-DECD1D74652D}.Debug|ARM.Build.0 = Debug|Any CPU
		{5FB80DDD-2932-4AD0-BAEF-DECD1D74652D}.Debug|iPhone.ActiveCfg = Debug|Any CPU
		{5FB80DDD-2932-4AD0-BAEF-DECD1D74652D}.Debug|iPhone.Build.0 = Debug|Any CPU
		{5FB80DDD-2932-4AD0-BAEF-DECD1D74652D}.Debug|iPhoneSimulator.ActiveCfg = Debug|Any CPU
		{5FB80DDD-2932-4AD0-BAEF-DECD1D74652D}.Debug|iPhoneSimulator.Build.0 = Debug|Any CPU
		{5FB80DDD-2932-4AD0-BAEF-DECD1D74652D}.Debug|x64.ActiveCfg = Debug|Any CPU
		{5FB80DDD-2932-4AD0-BAEF-DECD1D74652D}.Debug|x64.Build.0 = Debug|Any CPU
		{5FB80DDD-2932-4AD0-BAEF-DECD1D74652D}.Debug|x86.ActiveCfg = Debug|Any CPU
		{5FB80DDD-2932-4AD0-BAEF-DECD1D74652D}.Debug|x86.Build.0 = Debug|Any CPU
		{5FB80DDD-2932-4AD0-BAEF-DECD1D74652D}.Release|Any CPU.ActiveCfg = Release|Any CPU
		{5FB80DDD-2932-4AD0-BAEF-DECD1D74652D}.Release|Any CPU.Build.0 = Release|Any CPU
		{5FB80DDD-2932-4AD0-BAEF-DECD1D74652D}.Release|ARM.ActiveCfg = Release|Any CPU
		{5FB80DDD-2932-4AD0-BAEF-DECD1D74652D}.Release|ARM.Build.0 = Release|Any CPU
		{5FB80DDD-2932-4AD0-BAEF-DECD1D74652D}.Release|iPhone.ActiveCfg = Release|Any CPU
		{5FB80DDD-2932-4AD0-BAEF-DECD1D74652D}.Release|iPhone.Build.0 = Release|Any CPU
		{5FB80DDD-2932-4AD0-BAEF-DECD1D74652D}.Release|iPhoneSimulator.ActiveCfg = Release|Any CPU
		{5FB80DDD-2932-4AD0-BAEF-DECD1D74652D}.Release|iPhoneSimulator.Build.0 = Release|Any CPU
		{5FB80DDD-2932-4AD0-BAEF-DECD1D74652D}.Release|x64.ActiveCfg = Release|Any CPU
		{5FB80DDD-2932-4AD0-BAEF-DECD1D74652D}.Release|x64.Build.0 = Release|Any CPU
		{5FB80DDD-2932-4AD0-BAEF-DECD1D74652D}.Release|x86.ActiveCfg = Release|Any CPU
		{5FB80DDD-2932-4AD0-BAEF-DECD1D74652D}.Release|x86.Build.0 = Release|Any CPU
	EndGlobalSection
	GlobalSection(SolutionProperties) = preSolution
		HideSolutionNode = FALSE
	EndGlobalSection
	GlobalSection(NestedProjects) = preSolution
		{C570249C-66DB-4E0C-9887-26AAC579A746} = {CD348E93-2CE2-45F4-80C6-DF80709DDCFA}
		{5FB80DDD-2932-4AD0-BAEF-DECD1D74652D} = {CD348E93-2CE2-45F4-80C6-DF80709DDCFA}
	EndGlobalSection
	GlobalSection(ExtensibilityGlobals) = postSolution
		SolutionGuid = {6FCB6E12-F37C-41BA-B31E-B4057E800E01}
	EndGlobalSection
EndGlobal
